
Microsoft Visual Studio Solution File, Format Version 12.00
# Visual Studio Version 16
VisualStudioVersion = 16.0.30611.23
MinimumVisualStudioVersion = 10.0.40219.1
Project("{FAE04EC0-301F-11D3-BF4B-00C04F79EFBC}") = "Praktikumsaufgabe_2", "Praktikumsaufgabe_2\Praktikumsaufgabe_2.csproj", "{338A7E3D-AD16-45CC-A269-3B9D1E016DA9}"
EndProject
Global
	GlobalSection(SolutionConfigurationPlatforms) = preSolution
		Debug|Any CPU = Debug|Any CPU
		Release|Any CPU = Release|Any CPU
	EndGlobalSection
	GlobalSection(ProjectConfigurationPlatforms) = postSolution
		{338A7E3D-AD16-45CC-A269-3B9D1E016DA9}.Debug|Any CPU.ActiveCfg = Debug|Any CPU
		{338A7E3D-AD16-45CC-A269-3B9D1E016DA9}.Debug|Any CPU.Build.0 = Debug|Any CPU
		{338A7E3D-AD16-45CC-A269-3B9D1E016DA9}.Release|Any CPU.ActiveCfg = Release|Any CPU
		{338A7E3D-AD16-45CC-A269-3B9D1E016DA9}.Release|Any CPU.Build.0 = Release|Any CPU
	EndGlobalSection
	GlobalSection(SolutionProperties) = preSolution
		HideSolutionNode = FALSE
	EndGlobalSection
	GlobalSection(ExtensibilityGlobals) = postSolution
		SolutionGuid = {933448D2-0C23-4CDB-B0E9-95448EE84B37}
	EndGlobalSection
EndGlobal
